
Microsoft Visual Studio Solution File, Format Version 12.00
# Visual Studio Version 17
VisualStudioVersion = 17.4.33213.308
MinimumVisualStudioVersion = 10.0.40219.1
Project("{FAE04EC0-301F-11D3-BF4B-00C04F79EFBC}") = "Lab2-MTSD", "Lab2-MTSD\Lab2-MTSD.csproj", "{5AEA7E74-76FC-4327-AF4C-1037E055A51E}"
EndProject
Project("{FAE04EC0-301F-11D3-BF4B-00C04F79EFBC}") = "MyListTest", "MyListTest\MyListTest.csproj", "{EDDF8317-EAE4-4C7B-A4D8-199D4DB5839E}"
EndProject
Global
	GlobalSection(SolutionConfigurationPlatforms) = preSolution
		Debug|Any CPU = Debug|Any CPU
		Release|Any CPU = Release|Any CPU
	EndGlobalSection
	GlobalSection(ProjectConfigurationPlatforms) = postSolution
		{5AEA7E74-76FC-4327-AF4C-1037E055A51E}.Debug|Any CPU.ActiveCfg = Debug|Any CPU
		{5AEA7E74-76FC-4327-AF4C-1037E055A51E}.Debug|Any CPU.Build.0 = Debug|Any CPU
		{5AEA7E74-76FC-4327-AF4C-1037E055A51E}.Release|Any CPU.ActiveCfg = Release|Any CPU
		{5AEA7E74-76FC-4327-AF4C-1037E055A51E}.Release|Any CPU.Build.0 = Release|Any CPU
		{EDDF8317-EAE4-4C7B-A4D8-199D4DB5839E}.Debug|Any CPU.ActiveCfg = Debug|Any CPU
		{EDDF8317-EAE4-4C7B-A4D8-199D4DB5839E}.Debug|Any CPU.Build.0 = Debug|Any CPU
		{EDDF8317-EAE4-4C7B-A4D8-199D4DB5839E}.Release|Any CPU.ActiveCfg = Release|Any CPU
		{EDDF8317-EAE4-4C7B-A4D8-199D4DB5839E}.Release|Any CPU.Build.0 = Release|Any CPU
	EndGlobalSection
	GlobalSection(SolutionProperties) = preSolution
		HideSolutionNode = FALSE
	EndGlobalSection
	GlobalSection(ExtensibilityGlobals) = postSolution
		SolutionGuid = {5DE35C97-1F3B-47EF-AF49-C722100161D3}
	EndGlobalSection
EndGlobal
